
Microsoft Visual Studio Solution File, Format Version 12.00
# Visual Studio Version 17
VisualStudioVersion = 17.0.31903.59
MinimumVisualStudioVersion = 10.0.40219.1
Project("{FAE04EC0-301F-11D3-BF4B-00C04F79EFBC}") = "OnlineStore.Api", "OnlineStore.Api\OnlineStore.Api.csproj", "{086EFFD2-739B-4E74-93FA-445ECE5D5400}"
EndProject
Project("{FAE04EC0-301F-11D3-BF4B-00C04F79EFBC}") = "OnlineStore.Domain", "OnlineStore.Domain\OnlineStore.Domain.csproj", "{57F4A6B4-5855-44AB-9A71-E5F418B0EEF7}"
EndProject
Project("{FAE04EC0-301F-11D3-BF4B-00C04F79EFBC}") = "OnlineStore.Application", "OnlineStore.Application\OnlineStore.Application.csproj", "{CE3510CC-9BC2-4F1D-81B5-E930B76BEB51}"
EndProject
Project("{FAE04EC0-301F-11D3-BF4B-00C04F79EFBC}") = "OnlineStore.Infrastructure", "OnlineStore.Infrastructure\OnlineStore.Infrastructure.csproj", "{A675530E-CE34-46CD-A167-128E26074888}"
EndProject
Project("{2150E333-8FDC-42A3-9474-1A3956D46DE8}") = "tests", "tests", "{0AB3BF05-4346-4AA6-1389-037BE0695223}"
EndProject
Project("{FAE04EC0-301F-11D3-BF4B-00C04F79EFBC}") = "OnlineStore.Api.Tests", "tests\OnlineStore.Api.Tests\OnlineStore.Api.Tests.csproj", "{558394B0-8B44-4C62-9148-DBE10F73E691}"
EndProject
Project("{FAE04EC0-301F-11D3-BF4B-00C04F79EFBC}") = "OnlineStore.Auth.Tests", "tests\OnlineStore.Auth.Tests\OnlineStore.Auth.Tests.csproj", "{905438CA-5F35-4D75-9D82-EBBF77A12D90}"
EndProject
Global
	GlobalSection(SolutionConfigurationPlatforms) = preSolution
		Debug|Any CPU = Debug|Any CPU
		Debug|x64 = Debug|x64
		Debug|x86 = Debug|x86
		Release|Any CPU = Release|Any CPU
		Release|x64 = Release|x64
		Release|x86 = Release|x86
	EndGlobalSection
	GlobalSection(ProjectConfigurationPlatforms) = postSolution
		{086EFFD2-739B-4E74-93FA-445ECE5D5400}.Debug|Any CPU.ActiveCfg = Debug|Any CPU
		{086EFFD2-739B-4E74-93FA-445ECE5D5400}.Debug|Any CPU.Build.0 = Debug|Any CPU
		{086EFFD2-739B-4E74-93FA-445ECE5D5400}.Debug|x64.ActiveCfg = Debug|Any CPU
		{086EFFD2-739B-4E74-93FA-445ECE5D5400}.Debug|x64.Build.0 = Debug|Any CPU
		{086EFFD2-739B-4E74-93FA-445ECE5D5400}.Debug|x86.ActiveCfg = Debug|Any CPU
		{086EFFD2-739B-4E74-93FA-445ECE5D5400}.Debug|x86.Build.0 = Debug|Any CPU
		{086EFFD2-739B-4E74-93FA-445ECE5D5400}.Release|Any CPU.ActiveCfg = Release|Any CPU
		{086EFFD2-739B-4E74-93FA-445ECE5D5400}.Release|Any CPU.Build.0 = Release|Any CPU
		{086EFFD2-739B-4E74-93FA-445ECE5D5400}.Release|x64.ActiveCfg = Release|Any CPU
		{086EFFD2-739B-4E74-93FA-445ECE5D5400}.Release|x64.Build.0 = Release|Any CPU
		{086EFFD2-739B-4E74-93FA-445ECE5D5400}.Release|x86.ActiveCfg = Release|Any CPU
		{086EFFD2-739B-4E74-93FA-445ECE5D5400}.Release|x86.Build.0 = Release|Any CPU
		{57F4A6B4-5855-44AB-9A71-E5F418B0EEF7}.Debug|Any CPU.ActiveCfg = Debug|Any CPU
		{57F4A6B4-5855-44AB-9A71-E5F418B0EEF7}.Debug|Any CPU.Build.0 = Debug|Any CPU
		{57F4A6B4-5855-44AB-9A71-E5F418B0EEF7}.Debug|x64.ActiveCfg = Debug|Any CPU
		{57F4A6B4-5855-44AB-9A71-E5F418B0EEF7}.Debug|x64.Build.0 = Debug|Any CPU
		{57F4A6B4-5855-44AB-9A71-E5F418B0EEF7}.Debug|x86.ActiveCfg = Debug|Any CPU
		{57F4A6B4-5855-44AB-9A71-E5F418B0EEF7}.Debug|x86.Build.0 = Debug|Any CPU
		{57F4A6B4-5855-44AB-9A71-E5F418B0EEF7}.Release|Any CPU.ActiveCfg = Release|Any CPU
		{57F4A6B4-5855-44AB-9A71-E5F418B0EEF7}.Release|Any CPU.Build.0 = Release|Any CPU
		{57F4A6B4-5855-44AB-9A71-E5F418B0EEF7}.Release|x64.ActiveCfg = Release|Any CPU
		{57F4A6B4-5855-44AB-9A71-E5F418B0EEF7}.Release|x64.Build.0 = Release|Any CPU
		{57F4A6B4-5855-44AB-9A71-E5F418B0EEF7}.Release|x86.ActiveCfg = Release|Any CPU
		{57F4A6B4-5855-44AB-9A71-E5F418B0EEF7}.Release|x86.Build.0 = Release|Any CPU
		{CE3510CC-9BC2-4F1D-81B5-E930B76BEB51}.Debug|Any CPU.ActiveCfg = Debug|Any CPU
		{CE3510CC-9BC2-4F1D-81B5-E930B76BEB51}.Debug|Any CPU.Build.0 = Debug|Any CPU
		{CE3510CC-9BC2-4F1D-81B5-E930B76BEB51}.Debug|x64.ActiveCfg = Debug|Any CPU
		{CE3510CC-9BC2-4F1D-81B5-E930B76BEB51}.Debug|x64.Build.0 = Debug|Any CPU
		{CE3510CC-9BC2-4F1D-81B5-E930B76BEB51}.Debug|x86.ActiveCfg = Debug|Any CPU
		{CE3510CC-9BC2-4F1D-81B5-E930B76BEB51}.Debug|x86.Build.0 = Debug|Any CPU
		{CE3510CC-9BC2-4F1D-81B5-E930B76BEB51}.Release|Any CPU.ActiveCfg = Release|Any CPU
		{CE3510CC-9BC2-4F1D-81B5-E930B76BEB51}.Release|Any CPU.Build.0 = Release|Any CPU
		{CE3510CC-9BC2-4F1D-81B5-E930B76BEB51}.Release|x64.ActiveCfg = Release|Any CPU
		{CE3510CC-9BC2-4F1D-81B5-E930B76BEB51}.Release|x64.Build.0 = Release|Any CPU
		{CE3510CC-9BC2-4F1D-81B5-E930B76BEB51}.Release|x86.ActiveCfg = Release|Any CPU
		{CE3510CC-9BC2-4F1D-81B5-E930B76BEB51}.Release|x86.Build.0 = Release|Any CPU
		{A675530E-CE34-46CD-A167-128E26074888}.Debug|Any CPU.ActiveCfg = Debug|Any CPU
		{A675530E-CE34-46CD-A167-128E26074888}.Debug|Any CPU.Build.0 = Debug|Any CPU
		{A675530E-CE34-46CD-A167-128E26074888}.Debug|x64.ActiveCfg = Debug|Any CPU
		{A675530E-CE34-46CD-A167-128E26074888}.Debug|x64.Build.0 = Debug|Any CPU
		{A675530E-CE34-46CD-A167-128E26074888}.Debug|x86.ActiveCfg = Debug|Any CPU
		{A675530E-CE34-46CD-A167-128E26074888}.Debug|x86.Build.0 = Debug|Any CPU
		{A675530E-CE34-46CD-A167-128E26074888}.Release|Any CPU.ActiveCfg = Release|Any CPU
		{A675530E-CE34-46CD-A167-128E26074888}.Release|Any CPU.Build.0 = Release|Any CPU
		{A675530E-CE34-46CD-A167-128E26074888}.Release|x64.ActiveCfg = Release|Any CPU
		{A675530E-CE34-46CD-A167-128E26074888}.Release|x64.Build.0 = Release|Any CPU
		{A675530E-CE34-46CD-A167-128E26074888}.Release|x86.ActiveCfg = Release|Any CPU
		{A675530E-CE34-46CD-A167-128E26074888}.Release|x86.Build.0 = Release|Any CPU
		{558394B0-8B44-4C62-9148-DBE10F73E691}.Debug|Any CPU.ActiveCfg = Debug|Any CPU
		{558394B0-8B44-4C62-9148-DBE10F73E691}.Debug|Any CPU.Build.0 = Debug|Any CPU
		{558394B0-8B44-4C62-9148-DBE10F73E691}.Debug|x64.ActiveCfg = Debug|Any CPU
		{558394B0-8B44-4C62-9148-DBE10F73E691}.Debug|x64.Build.0 = Debug|Any CPU
		{558394B0-8B44-4C62-9148-DBE10F73E691}.Debug|x86.ActiveCfg = Debug|Any CPU
		{558394B0-8B44-4C62-9148-DBE10F73E691}.Debug|x86.Build.0 = Debug|Any CPU
		{558394B0-8B44-4C62-9148-DBE10F73E691}.Release|Any CPU.ActiveCfg = Release|Any CPU
		{558394B0-8B44-4C62-9148-DBE10F73E691}.Release|Any CPU.Build.0 = Release|Any CPU
		{558394B0-8B44-4C62-9148-DBE10F73E691}.Release|x64.ActiveCfg = Release|Any CPU
		{558394B0-8B44-4C62-9148-DBE10F73E691}.Release|x64.Build.0 = Release|Any CPU
		{558394B0-8B44-4C62-9148-DBE10F73E691}.Release|x86.ActiveCfg = Release|Any CPU
		{558394B0-8B44-4C62-9148-DBE10F73E691}.Release|x86.Build.0 = Release|Any CPU
		{905438CA-5F35-4D75-9D82-EBBF77A12D90}.Debug|Any CPU.ActiveCfg = Debug|Any CPU
		{905438CA-5F35-4D75-9D82-EBBF77A12D90}.Debug|Any CPU.Build.0 = Debug|Any CPU
		{905438CA-5F35-4D75-9D82-EBBF77A12D90}.Debug|x64.ActiveCfg = Debug|Any CPU
		{905438CA-5F35-4D75-9D82-EBBF77A12D90}.Debug|x64.Build.0 = Debug|Any CPU
		{905438CA-5F35-4D75-9D82-EBBF77A12D90}.Debug|x86.ActiveCfg = Debug|Any CPU
		{905438CA-5F35-4D75-9D82-EBBF77A12D90}.Debug|x86.Build.0 = Debug|Any CPU
		{905438CA-5F35-4D75-9D82-EBBF77A12D90}.Release|Any CPU.ActiveCfg = Release|Any CPU
		{905438CA-5F35-4D75-9D82-EBBF77A12D90}.Release|Any CPU.Build.0 = Release|Any CPU
		{905438CA-5F35-4D75-9D82-EBBF77A12D90}.Release|x64.ActiveCfg = Release|Any CPU
		{905438CA-5F35-4D75-9D82-EBBF77A12D90}.Release|x64.Build.0 = Release|Any CPU
		{905438CA-5F35-4D75-9D82-EBBF77A12D90}.Release|x86.ActiveCfg = Release|Any CPU
		{905438CA-5F35-4D75-9D82-EBBF77A12D90}.Release|x86.Build.0 = Release|Any CPU
	EndGlobalSection
	GlobalSection(SolutionProperties) = preSolution
		HideSolutionNode = FALSE
	EndGlobalSection
	GlobalSection(NestedProjects) = preSolution
		{558394B0-8B44-4C62-9148-DBE10F73E691} = {0AB3BF05-4346-4AA6-1389-037BE0695223}
		{905438CA-5F35-4D75-9D82-EBBF77A12D90} = {0AB3BF05-4346-4AA6-1389-037BE0695223}
	EndGlobalSection
EndGlobal
